# This file is generated by running "yarn install" inside your project.
# Manual changes might be lost - proceed with caution!

__metadata:
  version: 4
  cacheKey: 8

"@sqlframes/sqlframes-demo@workspace:.":
  version: 0.0.0-use.local
  resolution: "@sqlframes/sqlframes-demo@workspace:."
  dependencies:
    http-server: ^13.0.1
  languageName: unknown
  linkType: soft

"async@npm:^2.6.2":
  version: 2.6.3
  resolution: "async@npm:2.6.3"
  dependencies:
    lodash: ^4.17.14
  checksum: 5e5561ff8fca807e88738533d620488ac03a5c43fce6c937451f7e35f943d33ad06c24af3f681a48cca3d2b0002b3118faff0a128dc89438a9bf0226f712c499
  languageName: node
  linkType: hard

"basic-auth@npm:^1.0.3":
  version: 1.1.0
  resolution: "basic-auth@npm:1.1.0"
  checksum: a248a4b125e91a188748011ce7583c8d40f55ce222196190e76ae8c3280fbdf6914f509d66123084e549f41f5b36c6fe09e5e8ec72951f5c32b50e9aa7f08b64
  languageName: node
  linkType: hard

"call-bind@npm:^1.0.0":
  version: 1.0.2
  resolution: "call-bind@npm:1.0.2"
  dependencies:
    function-bind: ^1.1.1
    get-intrinsic: ^1.0.2
  checksum: f8e31de9d19988a4b80f3e704788c4a2d6b6f3d17cfec4f57dc29ced450c53a49270dc66bf0fbd693329ee948dd33e6c90a329519aef17474a4d961e8d6426b0
  languageName: node
  linkType: hard

"colors@npm:^1.4.0":
  version: 1.4.0
  resolution: "colors@npm:1.4.0"
  checksum: 98aa2c2418ad87dedf25d781be69dc5fc5908e279d9d30c34d8b702e586a0474605b3a189511482b9d5ed0d20c867515d22749537f7bc546256c6014f3ebdcec
  languageName: node
  linkType: hard

"corser@npm:^2.0.1":
  version: 2.0.1
  resolution: "corser@npm:2.0.1"
  checksum: 9ff6944eda760c8c3118747a636afc3ede53b41e7b9960513a15b88032209a728e630ae4b41e20a941e34da129fe9094d1f5d95123ef64ac2e16cdad8dce9c87
  languageName: node
  linkType: hard

"debug@npm:^3.1.1":
  version: 3.2.7
  resolution: "debug@npm:3.2.7"
  dependencies:
    ms: ^2.1.1
  checksum: b3d8c5940799914d30314b7c3304a43305fd0715581a919dacb8b3176d024a782062368405b47491516d2091d6462d4d11f2f4974a405048094f8bfebfa3071c
  languageName: node
  linkType: hard

"eventemitter3@npm:^4.0.0":
  version: 4.0.7
  resolution: "eventemitter3@npm:4.0.7"
  checksum: 1875311c42fcfe9c707b2712c32664a245629b42bb0a5a84439762dd0fd637fc54d078155ea83c2af9e0323c9ac13687e03cfba79b03af9f40c89b4960099374
  languageName: node
  linkType: hard

"follow-redirects@npm:^1.0.0":
  version: 1.14.3
  resolution: "follow-redirects@npm:1.14.3"
  peerDependenciesMeta:
    debug:
      optional: true
  checksum: b4d89339afd119b5e6fd92f0e81ae7d3621a5421af7d4a7d94539765c1d5546cf61d2f3219d40596e53c7c253307fbaf5dc772254aa9170fdfe1f9d7731732a9
  languageName: node
  linkType: hard

"function-bind@npm:^1.1.1":
  version: 1.1.1
  resolution: "function-bind@npm:1.1.1"
  checksum: b32fbaebb3f8ec4969f033073b43f5c8befbb58f1a79e12f1d7490358150359ebd92f49e72ff0144f65f2c48ea2a605bff2d07965f548f6474fd8efd95bf361a
  languageName: node
  linkType: hard

"get-intrinsic@npm:^1.0.2":
  version: 1.1.1
  resolution: "get-intrinsic@npm:1.1.1"
  dependencies:
    function-bind: ^1.1.1
    has: ^1.0.3
    has-symbols: ^1.0.1
  checksum: a9fe2ca8fa3f07f9b0d30fb202bcd01f3d9b9b6b732452e79c48e79f7d6d8d003af3f9e38514250e3553fdc83c61650851cb6870832ac89deaaceb08e3721a17
  languageName: node
  linkType: hard

"has-symbols@npm:^1.0.1":
  version: 1.0.2
  resolution: "has-symbols@npm:1.0.2"
  checksum: 2309c426071731be792b5be43b3da6fb4ed7cbe8a9a6bcfca1862587709f01b33d575ce8f5c264c1eaad09fca2f9a8208c0a2be156232629daa2dd0c0740976b
  languageName: node
  linkType: hard

"has@npm:^1.0.3":
  version: 1.0.3
  resolution: "has@npm:1.0.3"
  dependencies:
    function-bind: ^1.1.1
  checksum: b9ad53d53be4af90ce5d1c38331e712522417d017d5ef1ebd0507e07c2fbad8686fffb8e12ddecd4c39ca9b9b47431afbb975b8abf7f3c3b82c98e9aad052792
  languageName: node
  linkType: hard

"he@npm:^1.1.0":
  version: 1.2.0
  resolution: "he@npm:1.2.0"
  bin:
    he: bin/he
  checksum: 3d4d6babccccd79c5c5a3f929a68af33360d6445587d628087f39a965079d84f18ce9c3d3f917ee1e3978916fc833bb8b29377c3b403f919426f91bc6965e7a7
  languageName: node
  linkType: hard

"http-proxy@npm:^1.18.0":
  version: 1.18.1
  resolution: "http-proxy@npm:1.18.1"
  dependencies:
    eventemitter3: ^4.0.0
    follow-redirects: ^1.0.0
    requires-port: ^1.0.0
  checksum: f5bd96bf83e0b1e4226633dbb51f8b056c3e6321917df402deacec31dd7fe433914fc7a2c1831cf7ae21e69c90b3a669b8f434723e9e8b71fd68afe30737b6a5
  languageName: node
  linkType: hard

"http-server@npm:^13.0.1":
  version: 13.0.1
  resolution: "http-server@npm:13.0.1"
  dependencies:
    basic-auth: ^1.0.3
    colors: ^1.4.0
    corser: ^2.0.1
    he: ^1.1.0
    http-proxy: ^1.18.0
    mime: ^1.6.0
    minimist: ^1.2.5
    opener: ^1.5.1
    portfinder: ^1.0.25
    secure-compare: 3.0.1
    union: ~0.5.0
    url-join: ^2.0.5
  bin:
    http-server: bin/http-server
  checksum: ec105bd82db6a0b6acfac3a3eb6207df32d0398363e09128bd37c1ccbf15dbe94be62e6a8e2c441ff25b95560794e612c98728a4e6c363595b0470cb147c4c2d
  languageName: node
  linkType: hard

"lodash@npm:^4.17.14":
  version: 4.17.21
  resolution: "lodash@npm:4.17.21"
  checksum: eb835a2e51d381e561e508ce932ea50a8e5a68f4ebdd771ea240d3048244a8d13658acbd502cd4829768c56f2e16bdd4340b9ea141297d472517b83868e677f7
  languageName: node
  linkType: hard

"mime@npm:^1.6.0":
  version: 1.6.0
  resolution: "mime@npm:1.6.0"
  bin:
    mime: cli.js
  checksum: fef25e39263e6d207580bdc629f8872a3f9772c923c7f8c7e793175cee22777bbe8bba95e5d509a40aaa292d8974514ce634ae35769faa45f22d17edda5e8557
  languageName: node
  linkType: hard

"minimist@npm:^1.2.5":
  version: 1.2.5
  resolution: "minimist@npm:1.2.5"
  checksum: 86706ce5b36c16bfc35c5fe3dbb01d5acdc9a22f2b6cc810b6680656a1d2c0e44a0159c9a3ba51fb072bb5c203e49e10b51dcd0eec39c481f4c42086719bae52
  languageName: node
  linkType: hard

"mkdirp@npm:^0.5.5":
  version: 0.5.5
  resolution: "mkdirp@npm:0.5.5"
  dependencies:
    minimist: ^1.2.5
  bin:
    mkdirp: bin/cmd.js
  checksum: 3bce20ea525f9477befe458ab85284b0b66c8dc3812f94155af07c827175948cdd8114852ac6c6d82009b13c1048c37f6d98743eb019651ee25c39acc8aabe7d
  languageName: node
  linkType: hard

"ms@npm:^2.1.1":
  version: 2.1.3
  resolution: "ms@npm:2.1.3"
  checksum: aa92de608021b242401676e35cfa5aa42dd70cbdc082b916da7fb925c542173e36bce97ea3e804923fe92c0ad991434e4a38327e15a1b5b5f945d66df615ae6d
  languageName: node
  linkType: hard

"object-inspect@npm:^1.9.0":
  version: 1.11.0
  resolution: "object-inspect@npm:1.11.0"
  checksum: 8c64f89ce3a7b96b6925879ad5f6af71d498abc217e136660efecd97452991216f375a7eb47cb1cb50643df939bf0c7cc391567b7abc6a924d04679705e58e27
  languageName: node
  linkType: hard

"opener@npm:^1.5.1":
  version: 1.5.2
  resolution: "opener@npm:1.5.2"
  bin:
    opener: bin/opener-bin.js
  checksum: 33b620c0d53d5b883f2abc6687dd1c5fd394d270dbe33a6356f2d71e0a2ec85b100d5bac94694198ccf5c30d592da863b2292c5539009c715a9c80c697b4f6cc
  languageName: node
  linkType: hard

"portfinder@npm:^1.0.25":
  version: 1.0.28
  resolution: "portfinder@npm:1.0.28"
  dependencies:
    async: ^2.6.2
    debug: ^3.1.1
    mkdirp: ^0.5.5
  checksum: 91fef602f13f8f4c64385d0ad2a36cc9dc6be0b8d10a2628ee2c3c7b9917ab4fefb458815b82cea2abf4b785cd11c9b4e2d917ac6fa06f14b6fa880ca8f8928c
  languageName: node
  linkType: hard

"qs@npm:^6.4.0":
  version: 6.10.1
  resolution: "qs@npm:6.10.1"
  dependencies:
    side-channel: ^1.0.4
  checksum: 00e390dbf98eff4d8ff121b61ab2fe32106852290de99ecd0e40fc76651c4101f43fc6cc8313cb69423563876fc532951b11dda55d2917def05f292258263480
  languageName: node
  linkType: hard

"requires-port@npm:^1.0.0":
  version: 1.0.0
  resolution: "requires-port@npm:1.0.0"
  checksum: eee0e303adffb69be55d1a214e415cf42b7441ae858c76dfc5353148644f6fd6e698926fc4643f510d5c126d12a705e7c8ed7e38061113bdf37547ab356797ff
  languageName: node
  linkType: hard

"secure-compare@npm:3.0.1":
  version: 3.0.1
  resolution: "secure-compare@npm:3.0.1"
  checksum: 0a8d8d3e54d5772d2cf1c02325f01fc7366d0bd33f964a08a84fe3ee5f34d46435a6ae729c1d239c750e160ef9b58c764d3efb945a1d07faf47978a8e4161594
  languageName: node
  linkType: hard

"side-channel@npm:^1.0.4":
  version: 1.0.4
  resolution: "side-channel@npm:1.0.4"
  dependencies:
    call-bind: ^1.0.0
    get-intrinsic: ^1.0.2
    object-inspect: ^1.9.0
  checksum: 351e41b947079c10bd0858364f32bb3a7379514c399edb64ab3dce683933483fc63fb5e4efe0a15a2e8a7e3c436b6a91736ddb8d8c6591b0460a24bb4a1ee245
  languageName: node
  linkType: hard

"union@npm:~0.5.0":
  version: 0.5.0
  resolution: "union@npm:0.5.0"
  dependencies:
    qs: ^6.4.0
  checksum: 021530d02363fb7470ce45d4cb06ae28a97d5a245666e6d0fca6bab0673bea8c7988e7d2f8046acfbab120908cedcb099ca216b357d4483bcd96518b39101be0
  languageName: node
  linkType: hard

"url-join@npm:^2.0.5":
  version: 2.0.5
  resolution: "url-join@npm:2.0.5"
  checksum: 5c935cc99e5bfd7150302420db4eff9830d117be5ea3edf4b2d9e30a51484bc422e94fd9f2fba78192a75cebe2663735af716e07ec094b9a5f24c75046644c73
  languageName: node
  linkType: hard
